// !$*UTF8*$!
{
	archiveVersion = 1;
	classes = {
	};
	objectVersion = 50;
	objects = {

/* Begin PBXBuildFile section */
		444AE7A921BF6A0600EE60B1 /* AppDelegate.swift in Sources */ = {isa = PBXBuildFile; fileRef = 444AE7A821BF6A0500EE60B1 /* AppDelegate.swift */; };
		444AE7AB21BF6A0600EE60B1 /* ViewController.swift in Sources */ = {isa = PBXBuildFile; fileRef = 444AE7AA21BF6A0600EE60B1 /* ViewController.swift */; };
		444AE7AE21BF6A0600EE60B1 /* Main.storyboard in Resources */ = {isa = PBXBuildFile; fileRef = 444AE7AC21BF6A0600EE60B1 /* Main.storyboard */; };
		444AE7B021BF6A0600EE60B1 /* Assets.xcassets in Resources */ = {isa = PBXBuildFile; fileRef = 444AE7AF21BF6A0600EE60B1 /* Assets.xcassets */; };
		444AE7B321BF6A0600EE60B1 /* LaunchScreen.storyboard in Resources */ = {isa = PBXBuildFile; fileRef = 444AE7B121BF6A0600EE60B1 /* LaunchScreen.storyboard */; };
		444AE7BE21BF6A0600EE60B1 /* Project2Tests.swift in Sources */ = {isa = PBXBuildFile; fileRef = 444AE7BD21BF6A0600EE60B1 /* Project2Tests.swift */; };
		444AE7C921BF6A0700EE60B1 /* Project2UITests.swift in Sources */ = {isa = PBXBuildFile; fileRef = 444AE7C821BF6A0700EE60B1 /* Project2UITests.swift */; };
/* End PBXBuildFile section */

/* Begin PBXContainerItemProxy section */
		444AE7BA21BF6A0600EE60B1 /* PBXContainerItemProxy */ = {
			isa = PBXContainerItemProxy;
			containerPortal = 444AE79D21BF6A0500EE60B1 /* Project object */;
			proxyType = 1;
			remoteGlobalIDString = 444AE7A421BF6A0500EE60B1;
			remoteInfo = Project2;
		};
		444AE7C521BF6A0700EE60B1 /* PBXContainerItemProxy */ = {
			isa = PBXContainerItemProxy;
			containerPortal = 444AE79D21BF6A0500EE60B1 /* Project object */;
			proxyType = 1;
			remoteGlobalIDString = 444AE7A421BF6A0500EE60B1;
			remoteInfo = Project2;
		};
/* End PBXContainerItemProxy section */

/* Begin PBXFileReference section */
		444AE7A521BF6A0500EE60B1 /* Project2.app */ = {isa = PBXFileReference; explicitFileType = wrapper.application; includeInIndex = 0; path = Project2.app; sourceTree = BUILT_PRODUCTS_DIR; };
		444AE7A821BF6A0500EE60B1 /* AppDelegate.swift */ = {isa = PBXFileReference; lastKnownFileType = sourcecode.swift; path = AppDelegate.swift; sourceTree = "<group>"; };
		444AE7AA21BF6A0600EE60B1 /* ViewController.swift */ = {isa = PBXFileReference; lastKnownFileType = sourcecode.swift; path = ViewController.swift; sourceTree = "<group>"; };
		444AE7AD21BF6A0600EE60B1 /* Base */ = {isa = PBXFileReference; lastKnownFileType = file.storyboard; name = Base; path = Base.lproj/Main.storyboard; sourceTree = "<group>"; };
		444AE7AF21BF6A0600EE60B1 /* Assets.xcassets */ = {isa = PBXFileReference; lastKnownFileType = folder.assetcatalog; path = Assets.xcassets; sourceTree = "<group>"; };
		444AE7B221BF6A0600EE60B1 /* Base */ = {isa = PBXFileReference; lastKnownFileType = file.storyboard; name = Base; path = Base.lproj/LaunchScreen.storyboard; sourceTree = "<group>"; };
		444AE7B421BF6A0600EE60B1 /* Info.plist */ = {isa = PBXFileReference; lastKnownFileType = text.plist.xml; path = Info.plist; sourceTree = "<group>"; };
		444AE7B921BF6A0600EE60B1 /* Project2Tests.xctest */ = {isa = PBXFileReference; explicitFileType = wrapper.cfbundle; includeInIndex = 0; path = Project2Tests.xctest; sourceTree = BUILT_PRODUCTS_DIR; };
		444AE7BD21BF6A0600EE60B1 /* Project2Tests.swift */ = {isa = PBXFileReference; lastKnownFileType = sourcecode.swift; path = Project2Tests.swift; sourceTree = "<group>"; };
		444AE7BF21BF6A0600EE60B1 /* Info.plist */ = {isa = PBXFileReference; lastKnownFileType = text.plist.xml; path = Info.plist; sourceTree = "<group>"; };
		444AE7C421BF6A0700EE60B1 /* Project2UITests.xctest */ = {isa = PBXFileReference; explicitFileType = wrapper.cfbundle; includeInIndex = 0; path = Project2UITests.xctest; sourceTree = BUILT_PRODUCTS_DIR; };
		444AE7C821BF6A0700EE60B1 /* Project2UITests.swift */ = {isa = PBXFileReference; lastKnownFileType = sourcecode.swift; path = Project2UITests.swift; sourceTree = "<group>"; };
		444AE7CA21BF6A0700EE60B1 /* Info.plist */ = {isa = PBXFileReference; lastKnownFileType = text.plist.xml; path = Info.plist; sourceTree = "<group>"; };
/* End PBXFileReference section */

/* Begin PBXFrameworksBuildPhase section */
		444AE7A221BF6A0500EE60B1 /* Frameworks */ = {
			isa = PBXFrameworksBuildPhase;
			buildActionMask = 2147483647;
			files = (
			);
			runOnlyForDeploymentPostprocessing = 0;
		};
		444AE7B621BF6A0600EE60B1 /* Frameworks */ = {
			isa = PBXFrameworksBuildPhase;
			buildActionMask = 2147483647;
			files = (
			);
			runOnlyForDeploymentPostprocessing = 0;
		};
		444AE7C121BF6A0700EE60B1 /* Frameworks */ = {
			isa = PBXFrameworksBuildPhase;
			buildActionMask = 2147483647;
			files = (
			);
			runOnlyForDeploymentPostprocessing = 0;
		};
/* End PBXFrameworksBuildPhase section */

/* Begin PBXGroup section */
		444AE79C21BF6A0500EE60B1 = {
			isa = PBXGroup;
			children = (
				444AE7A721BF6A0500EE60B1 /* Project2 */,
				444AE7BC21BF6A0600EE60B1 /* Project2Tests */,
				444AE7C721BF6A0700EE60B1 /* Project2UITests */,
				444AE7A621BF6A0500EE60B1 /* Products */,
			);
			sourceTree = "<group>";
		};
		444AE7A621BF6A0500EE60B1 /* Products */ = {
			isa = PBXGroup;
			children = (
				444AE7A521BF6A0500EE60B1 /* Project2.app */,
				444AE7B921BF6A0600EE60B1 /* Project2Tests.xctest */,
				444AE7C421BF6A0700EE60B1 /* Project2UITests.xctest */,
			);
			name = Products;
			sourceTree = "<group>";
		};
		444AE7A721BF6A0500EE60B1 /* Project2 */ = {
			isa = PBXGroup;
			children = (
				444AE7A821BF6A0500EE60B1 /* AppDelegate.swift */,
				444AE7AA21BF6A0600EE60B1 /* ViewController.swift */,
				444AE7AC21BF6A0600EE60B1 /* Main.storyboard */,
				444AE7AF21BF6A0600EE60B1 /* Assets.xcassets */,
				444AE7B121BF6A0600EE60B1 /* LaunchScreen.storyboard */,
				444AE7B421BF6A0600EE60B1 /* Info.plist */,
			);
			path = Project2;
			sourceTree = "<group>";
		};
		444AE7BC21BF6A0600EE60B1 /* Project2Tests */ = {
			isa = PBXGroup;
			children = (
				444AE7BD21BF6A0600EE60B1 /* Project2Tests.swift */,
				444AE7BF21BF6A0600EE60B1 /* Info.plist */,
			);
			path = Project2Tests;
			sourceTree = "<group>";
		};
		444AE7C721BF6A0700EE60B1 /* Project2UITests */ = {
			isa = PBXGroup;
			children = (
				444AE7C821BF6A0700EE60B1 /* Project2UITests.swift */,
				444AE7CA21BF6A0700EE60B1 /* Info.plist */,
			);
			path = Project2UITests;
			sourceTree = "<group>";
		};
/* End PBXGroup section */

/* Begin PBXNativeTarget section */
		444AE7A421BF6A0500EE60B1 /* Project2 */ = {
			isa = PBXNativeTarget;
			buildConfigurationList = 444AE7CD21BF6A0700EE60B1 /* Build configuration list for PBXNativeTarget "Project2" */;
			buildPhases = (
				444AE7A121BF6A0500EE60B1 /* Sources */,
				444AE7A221BF6A0500EE60B1 /* Frameworks */,
				444AE7A321BF6A0500EE60B1 /* Resources */,
			);
			buildRules = (
			);
			dependencies = (
			);
			name = Project2;
			productName = Project2;
			productReference = 444AE7A521BF6A0500EE60B1 /* Project2.app */;
			productType = "com.apple.product-type.application";
		};
		444AE7B821BF6A0600EE60B1 /* Project2Tests */ = {
			isa = PBXNativeTarget;
			buildConfigurationList = 444AE7D021BF6A0700EE60B1 /* Build configuration list for PBXNativeTarget "Project2Tests" */;
			buildPhases = (
				444AE7B521BF6A0600EE60B1 /* Sources */,
				444AE7B621BF6A0600EE60B1 /* Frameworks */,
				444AE7B721BF6A0600EE60B1 /* Resources */,
			);
			buildRules = (
			);
			dependencies = (
				444AE7BB21BF6A0600EE60B1 /* PBXTargetDependency */,
			);
			name = Project2Tests;
			productName = Project2Tests;
			productReference = 444AE7B921BF6A0600EE60B1 /* Project2Tests.xctest */;
			productType = "com.apple.product-type.bundle.unit-test";
		};
		444AE7C321BF6A0700EE60B1 /* Project2UITests */ = {
			isa = PBXNativeTarget;
			buildConfigurationList = 444AE7D321BF6A0700EE60B1 /* Build configuration list for PBXNativeTarget "Project2UITests" */;
			buildPhases = (
				444AE7C021BF6A0700EE60B1 /* Sources */,
				444AE7C121BF6A0700EE60B1 /* Frameworks */,
				444AE7C221BF6A0700EE60B1 /* Resources */,
			);
			buildRules = (
			);
			dependencies = (
				444AE7C621BF6A0700EE60B1 /* PBXTargetDependency */,
			);
			name = Project2UITests;
			productName = Project2UITests;
			productReference = 444AE7C421BF6A0700EE60B1 /* Project2UITests.xctest */;
			productType = "com.apple.product-type.bundle.ui-testing";
		};
/* End PBXNativeTarget section */

/* Begin PBXProject section */
		444AE79D21BF6A0500EE60B1 /* Project object */ = {
			isa = PBXProject;
			attributes = {
				LastSwiftUpdateCheck = 1000;
				LastUpgradeCheck = 1000;
				ORGANIZATIONNAME = "Sunil Kumar";
				TargetAttributes = {
					444AE7A421BF6A0500EE60B1 = {
						CreatedOnToolsVersion = 10.0;
					};
					444AE7B821BF6A0600EE60B1 = {
						CreatedOnToolsVersion = 10.0;
						TestTargetID = 444AE7A421BF6A0500EE60B1;
					};
					444AE7C321BF6A0700EE60B1 = {
						CreatedOnToolsVersion = 10.0;
						TestTargetID = 444AE7A421BF6A0500EE60B1;
					};
				};
			};
			buildConfigurationList = 444AE7A021BF6A0500EE60B1 /* Build configuration list for PBXProject "Project2" */;
			compatibilityVersion = "Xcode 9.3";
			developmentRegion = en;
			hasScannedForEncodings = 0;
			knownRegions = (
				en,
				Base,
			);
			mainGroup = 444AE79C21BF6A0500EE60B1;
			productRefGroup = 444AE7A621BF6A0500EE60B1 /* Products */;
			projectDirPath = "";
			projectRoot = "";
			targets = (
				444AE7A421BF6A0500EE60B1 /* Project2 */,
				444AE7B821BF6A0600EE60B1 /* Project2Tests */,
				444AE7C321BF6A0700EE60B1 /* Project2UITests */,
			);
		};
/* End PBXProject section */

/* Begin PBXResourcesBuildPhase section */
		444AE7A321BF6A0500EE60B1 /* Resources */ = {
			isa = PBXResourcesBuildPhase;
			buildActionMask = 2147483647;
			files = (
				444AE7B321BF6A0600EE60B1 /* LaunchScreen.storyboard in Resources */,
				444AE7B021BF6A0600EE60B1 /* Assets.xcassets in Resources */,
				444AE7AE21BF6A0600EE60B1 /* Main.storyboard in Resources */,
			);
			runOnlyForDeploymentPostprocessing = 0;
		};
		444AE7B721BF6A0600EE60B1 /* Resources */ = {
			isa = PBXResourcesBuildPhase;
			buildActionMask = 2147483647;
			files = (
			);
			runOnlyForDeploymentPostprocessing = 0;
		};
		444AE7C221BF6A0700EE60B1 /* Resources */ = {
			isa = PBXResourcesBuildPhase;
			buildActionMask = 2147483647;
			files = (
			);
			runOnlyForDeploymentPostprocessing = 0;
		};
/* End PBXResourcesBuildPhase section */

/* Begin PBXSourcesBuildPhase section */
		444AE7A121BF6A0500EE60B1 /* Sources */ = {
			isa = PBXSourcesBuildPhase;
			buildActionMask = 2147483647;
			files = (
				444AE7AB21BF6A0600EE60B1 /* ViewController.swift in Sources */,
				444AE7A921BF6A0600EE60B1 /* AppDelegate.swift in Sources */,
			);
			runOnlyForDeploymentPostprocessing = 0;
		};
		444AE7B521BF6A0600EE60B1 /* Sources */ = {
			isa = PBXSourcesBuildPhase;
			buildActionMask = 2147483647;
			files = (
				444AE7BE21BF6A0600EE60B1 /* Project2Tests.swift in Sources */,
			);
			runOnlyForDeploymentPostprocessing = 0;
		};
		444AE7C021BF6A0700EE60B1 /* Sources */ = {
			isa = PBXSourcesBuildPhase;
			buildActionMask = 2147483647;
			files = (
				444AE7C921BF6A0700EE60B1 /* Project2UITests.swift in Sources */,
			);
			runOnlyForDeploymentPostprocessing = 0;
		};
/* End PBXSourcesBuildPhase section */

/* Begin PBXTargetDependency section */
		444AE7BB21BF6A0600EE60B1 /* PBXTargetDependency */ = {
			isa = PBXTargetDependency;
			target = 444AE7A421BF6A0500EE60B1 /* Project2 */;
			targetProxy = 444AE7BA21BF6A0600EE60B1 /* PBXContainerItemProxy */;
		};
		444AE7C621BF6A0700EE60B1 /* PBXTargetDependency */ = {
			isa = PBXTargetDependency;
			target = 444AE7A421BF6A0500EE60B1 /* Project2 */;
			targetProxy = 444AE7C521BF6A0700EE60B1 /* PBXContainerItemProxy */;
		};
/* End PBXTargetDependency section */

/* Begin PBXVariantGroup section */
		444AE7AC21BF6A0600EE60B1 /* Main.storyboard */ = {
			isa = PBXVariantGroup;
			children = (
				444AE7AD21BF6A0600EE60B1 /* Base */,
			);
			name = Main.storyboard;
			sourceTree = "<group>";
		};
		444AE7B121BF6A0600EE60B1 /* LaunchScreen.storyboard */ = {
			isa = PBXVariantGroup;
			children = (
				444AE7B221BF6A0600EE60B1 /* Base */,
			);
			name = LaunchScreen.storyboard;
			sourceTree = "<group>";
		};
/* End PBXVariantGroup section */

/* Begin XCBuildConfiguration section */
		444AE7CB21BF6A0700EE60B1 /* Debug */ = {
			isa = XCBuildConfiguration;
			buildSettings = {
				ALWAYS_SEARCH_USER_PATHS = NO;
				CLANG_ANALYZER_NONNULL = YES;
				CLANG_ANALYZER_NUMBER_OBJECT_CONVERSION = YES_AGGRESSIVE;
				CLANG_CXX_LANGUAGE_STANDARD = "gnu++14";
				CLANG_CXX_LIBRARY = "libc++";
				CLANG_ENABLE_MODULES = YES;
				CLANG_ENABLE_OBJC_ARC = YES;
				CLANG_ENABLE_OBJC_WEAK = YES;
				CLANG_WARN_BLOCK_CAPTURE_AUTORELEASING = YES;
				CLANG_WARN_BOOL_CONVERSION = YES;
				CLANG_WARN_COMMA = YES;
				CLANG_WARN_CONSTANT_CONVERSION = YES;
				CLANG_WARN_DEPRECATED_OBJC_IMPLEMENTATIONS = YES;
				CLANG_WARN_DIRECT_OBJC_ISA_USAGE = YES_ERROR;
				CLANG_WARN_DOCUMENTATION_COMMENTS = YES;
				CLANG_WARN_EMPTY_BODY = YES;
				CLANG_WARN_ENUM_CONVERSION = YES;
				CLANG_WARN_INFINITE_RECURSION = YES;
				CLANG_WARN_INT_CONVERSION = YES;
				CLANG_WARN_NON_LITERAL_NULL_CONVERSION = YES;
				CLANG_WARN_OBJC_IMPLICIT_RETAIN_SELF = YES;
				CLANG_WARN_OBJC_LITERAL_CONVERSION = YES;
				CLANG_WARN_OBJC_ROOT_CLASS = YES_ERROR;
				CLANG_WARN_RANGE_LOOP_ANALYSIS = YES;
				CLANG_WARN_STRICT_PROTOTYPES = YES;
				CLANG_WARN_SUSPICIOUS_MOVE = YES;
				CLANG_WARN_UNGUARDED_AVAILABILITY = YES_AGGRESSIVE;
				CLANG_WARN_UNREACHABLE_CODE = YES;
				CLANG_WARN__DUPLICATE_METHOD_MATCH = YES;
				CODE_SIGN_IDENTITY = "iPhone Developer";
				COPY_PHASE_STRIP = NO;
				DEBUG_INFORMATION_FORMAT = dwarf;
				ENABLE_STRICT_OBJC_MSGSEND = YES;
				ENABLE_TESTABILITY = YES;
				GCC_C_LANGUAGE_STANDARD = gnu11;
				GCC_DYNAMIC_NO_PIC = NO;
				GCC_NO_COMMON_BLOCKS = YES;
				GCC_OPTIMIZATION_LEVEL = 0;
				GCC_PREPROCESSOR_DEFINITIONS = (
					"DEBUG=1",
					"$(inherited)",
				);
				GCC_WARN_64_TO_32_BIT_CONVERSION = YES;
				GCC_WARN_ABOUT_RETURN_TYPE = YES_ERROR;
				GCC_WARN_UNDECLARED_SELECTOR = YES;
				GCC_WARN_UNINITIALIZED_AUTOS = YES_AGGRESSIVE;
				GCC_WARN_UNUSED_FUNCTION = YES;
				GCC_WARN_UNUSED_VARIABLE = YES;
				IPHONEOS_DEPLOYMENT_TARGET = 12.0;
				MTL_ENABLE_DEBUG_INFO = INCLUDE_SOURCE;
				MTL_FAST_MATH = YES;
				ONLY_ACTIVE_ARCH = YES;
				SDKROOT = iphoneos;
				SWIFT_ACTIVE_COMPILATION_CONDITIONS = DEBUG;
				SWIFT_OPTIMIZATION_LEVEL = "-Onone";
			};
			name = Debug;
		};
		444AE7CC21BF6A0700EE60B1 /* Release */ = {
			isa = XCBuildConfiguration;
			buildSettings = {
				ALWAYS_SEARCH_USER_PATHS = NO;
				CLANG_ANALYZER_NONNULL = YES;
				CLANG_ANALYZER_NUMBER_OBJECT_CONVERSION = YES_AGGRESSIVE;
				CLANG_CXX_LANGUAGE_STANDARD = "gnu++14";
				CLANG_CXX_LIBRARY = "libc++";
				CLANG_ENABLE_MODULES = YES;
				CLANG_ENABLE_OBJC_ARC = YES;
				CLANG_ENABLE_OBJC_WEAK = YES;
				CLANG_WARN_BLOCK_CAPTURE_AUTORELEASING = YES;
				CLANG_WARN_BOOL_CONVERSION = YES;
				CLANG_WARN_COMMA = YES;
				CLANG_WARN_CONSTANT_CONVERSION = YES;
				CLANG_WARN_DEPRECATED_OBJC_IMPLEMENTATIONS = YES;
				CLANG_WARN_DIRECT_OBJC_ISA_USAGE = YES_ERROR;
				CLANG_WARN_DOCUMENTATION_COMMENTS = YES;
				CLANG_WARN_EMPTY_BODY = YES;
				CLANG_WARN_ENUM_CONVERSION = YES;
				CLANG_WARN_INFINITE_RECURSION = YES;
				CLANG_WARN_INT_CONVERSION = YES;
				CLANG_WARN_NON_LITERAL_NULL_CONVERSION = YES;
				CLANG_WARN_OBJC_IMPLICIT_RETAIN_SELF = YES;
				CLANG_WARN_OBJC_LITERAL_CONVERSION = YES;
				CLANG_WARN_OBJC_ROOT_CLASS = YES_ERROR;
				CLANG_WARN_RANGE_LOOP_ANALYSIS = YES;
				CLANG_WARN_STRICT_PROTOTYPES = YES;
				CLANG_WARN_SUSPICIOUS_MOVE = YES;
				CLANG_WARN_UNGUARDED_AVAILABILITY = YES_AGGRESSIVE;
				CLANG_WARN_UNREACHABLE_CODE = YES;
				CLANG_WARN__DUPLICATE_METHOD_MATCH = YES;
				CODE_SIGN_IDENTITY = "iPhone Developer";
				COPY_PHASE_STRIP = NO;
				DEBUG_INFORMATION_FORMAT = "dwarf-with-dsym";
				ENABLE_NS_ASSERTIONS = NO;
				ENABLE_STRICT_OBJC_MSGSEND = YES;
				GCC_C_LANGUAGE_STANDARD = gnu11;
				GCC_NO_COMMON_BLOCKS = YES;
				GCC_WARN_64_TO_32_BIT_CONVERSION = YES;
				GCC_WARN_ABOUT_RETURN_TYPE = YES_ERROR;
				GCC_WARN_UNDECLARED_SELECTOR = YES;
				GCC_WARN_UNINITIALIZED_AUTOS = YES_AGGRESSIVE;
				GCC_WARN_UNUSED_FUNCTION = YES;
				GCC_WARN_UNUSED_VARIABLE = YES;
				IPHONEOS_DEPLOYMENT_TARGET = 12.0;
				MTL_ENABLE_DEBUG_INFO = NO;
				MTL_FAST_MATH = YES;
				SDKROOT = iphoneos;
				SWIFT_COMPILATION_MODE = wholemodule;
				SWIFT_OPTIMIZATION_LEVEL = "-O";
				VALIDATE_PRODUCT = YES;
			};
			name = Release;
		};
		444AE7CE21BF6A0700EE60B1 /* Debug */ = {
			isa = XCBuildConfiguration;
			buildSettings = {
				ASSETCATALOG_COMPILER_APPICON_NAME = AppIcon;
				CODE_SIGN_STYLE = Automatic;
				INFOPLIST_FILE = Project2/Info.plist;
				LD_RUNPATH_SEARCH_PATHS = (
					"$(inherited)",
					"@executable_path/Frameworks",
				);
				PRODUCT_BUNDLE_IDENTIFIER = au.com.sunilkumar.Project2;
				PRODUCT_NAME = "$(TARGET_NAME)";
				SWIFT_VERSION = 4.2;
				TARGETED_DEVICE_FAMILY = "1,2";
			};
			name = Debug;
		};
		444AE7CF21BF6A0700EE60B1 /* Release */ = {
			isa = XCBuildConfiguration;
			buildSettings = {
				ASSETCATALOG_COMPILER_APPICON_NAME = AppIcon;
				CODE_SIGN_STYLE = Automatic;
				INFOPLIST_FILE = Project2/Info.plist;
				LD_RUNPATH_SEARCH_PATHS = (
					"$(inherited)",
					"@executable_path/Frameworks",
				);
				PRODUCT_BUNDLE_IDENTIFIER = au.com.sunilkumar.Project2;
				PRODUCT_NAME = "$(TARGET_NAME)";
				SWIFT_VERSION = 4.2;
				TARGETED_DEVICE_FAMILY = "1,2";
			};
			name = Release;
		};
		444AE7D121BF6A0700EE60B1 /* Debug */ = {
			isa = XCBuildConfiguration;
			buildSettings = {
				ALWAYS_EMBED_SWIFT_STANDARD_LIBRARIES = YES;
				BUNDLE_LOADER = "$(TEST_HOST)";
				CODE_SIGN_STYLE = Automatic;
				INFOPLIST_FILE = Project2Tests/Info.plist;
				LD_RUNPATH_SEARCH_PATHS = (
					"$(inherited)",
					"@executable_path/Frameworks",
					"@loader_path/Frameworks",
				);
				PRODUCT_BUNDLE_IDENTIFIER = au.com.sunilkumar.Project2Tests;
				PRODUCT_NAME = "$(TARGET_NAME)";
				SWIFT_VERSION = 4.2;
				TARGETED_DEVICE_FAMILY = "1,2";
				TEST_HOST = "$(BUILT_PRODUCTS_DIR)/Project2.app/Project2";
			};
			name = Debug;
		};
		444AE7D221BF6A0700EE60B1 /* Release */ = {
			isa = XCBuildConfiguration;
			buildSettings = {
				ALWAYS_EMBED_SWIFT_STANDARD_LIBRARIES = YES;
				BUNDLE_LOADER = "$(TEST_HOST)";
				CODE_SIGN_STYLE = Automatic;
				INFOPLIST_FILE = Project2Tests/Info.plist;
				LD_RUNPATH_SEARCH_PATHS = (
					"$(inherited)",
					"@executable_path/Frameworks",
					"@loader_path/Frameworks",
				);
				PRODUCT_BUNDLE_IDENTIFIER = au.com.sunilkumar.Project2Tests;
				PRODUCT_NAME = "$(TARGET_NAME)";
				SWIFT_VERSION = 4.2;
				TARGETED_DEVICE_FAMILY = "1,2";
				TEST_HOST = "$(BUILT_PRODUCTS_DIR)/Project2.app/Project2";
			};
			name = Release;
		};
		444AE7D421BF6A0700EE60B1 /* Debug */ = {
			isa = XCBuildConfiguration;
			buildSettings = {
				ALWAYS_EMBED_SWIFT_STANDARD_LIBRARIES = YES;
				CODE_SIGN_STYLE = Automatic;
				INFOPLIST_FILE = Project2UITests/Info.plist;
				LD_RUNPATH_SEARCH_PATHS = (
					"$(inherited)",
					"@executable_path/Frameworks",
					"@loader_path/Frameworks",
				);
				PRODUCT_BUNDLE_IDENTIFIER = au.com.sunilkumar.Project2UITests;
				PRODUCT_NAME = "$(TARGET_NAME)";
				SWIFT_VERSION = 4.2;
				TARGETED_DEVICE_FAMILY = "1,2";
				TEST_TARGET_NAME = Project2;
			};
			name = Debug;
		};
		444AE7D521BF6A0700EE60B1 /* Release */ = {
			isa = XCBuildConfiguration;
			buildSettings = {
				ALWAYS_EMBED_SWIFT_STANDARD_LIBRARIES = YES;
				CODE_SIGN_STYLE = Automatic;
				INFOPLIST_FILE = Project2UITests/Info.plist;
				LD_RUNPATH_SEARCH_PATHS = (
					"$(inherited)",
					"@executable_path/Frameworks",
					"@loader_path/Frameworks",
				);
				PRODUCT_BUNDLE_IDENTIFIER = au.com.sunilkumar.Project2UITests;
				PRODUCT_NAME = "$(TARGET_NAME)";
				SWIFT_VERSION = 4.2;
				TARGETED_DEVICE_FAMILY = "1,2";
				TEST_TARGET_NAME = Project2;
			};
			name = Release;
		};
/* End XCBuildConfiguration section */

/* Begin XCConfigurationList section */
		444AE7A021BF6A0500EE60B1 /* Build configuration list for PBXProject "Project2" */ = {
			isa = XCConfigurationList;
			buildConfigurations = (
				444AE7CB21BF6A0700EE60B1 /* Debug */,
				444AE7CC21BF6A0700EE60B1 /* Release */,
			);
			defaultConfigurationIsVisible = 0;
			defaultConfigurationName = Release;
		};
		444AE7CD21BF6A0700EE60B1 /* Build configuration list for PBXNativeTarget "Project2" */ = {
			isa = XCConfigurationList;
			buildConfigurations = (
				444AE7CE21BF6A0700EE60B1 /* Debug */,
				444AE7CF21BF6A0700EE60B1 /* Release */,
			);
			defaultConfigurationIsVisible = 0;
			defaultConfigurationName = Release;
		};
		444AE7D021BF6A0700EE60B1 /* Build configuration list for PBXNativeTarget "Project2Tests" */ = {
			isa = XCConfigurationList;
			buildConfigurations = (
				444AE7D121BF6A0700EE60B1 /* Debug */,
				444AE7D221BF6A0700EE60B1 /* Release */,
			);
			defaultConfigurationIsVisible = 0;
			defaultConfigurationName = Release;
		};
		444AE7D321BF6A0700EE60B1 /* Build configuration list for PBXNativeTarget "Project2UITests" */ = {
			isa = XCConfigurationList;
			buildConfigurations = (
				444AE7D421BF6A0700EE60B1 /* Debug */,
				444AE7D521BF6A0700EE60B1 /* Release */,
			);
			defaultConfigurationIsVisible = 0;
			defaultConfigurationName = Release;
		};
/* End XCConfigurationList section */
	};
	rootObject = 444AE79D21BF6A0500EE60B1 /* Project object */;
}
